// !$*UTF8*$!
{
	archiveVersion = 1;
	classes = {
	};
	objectVersion = 46;
	objects = {

/* Begin PBXBuildFile section */
		59F622281D1AB37700DA2C4B /* AppDelegate.swift in Sources */ = {isa = PBXBuildFile; fileRef = 59F622271D1AB37700DA2C4B /* AppDelegate.swift */; };
		59F6222C1D1AB37700DA2C4B /* GameScene.swift in Sources */ = {isa = PBXBuildFile; fileRef = 59F6222B1D1AB37700DA2C4B /* GameScene.swift */; };
		59F6222E1D1AB37700DA2C4B /* GameViewController.swift in Sources */ = {isa = PBXBuildFile; fileRef = 59F6222D1D1AB37700DA2C4B /* GameViewController.swift */; };
		59F622311D1AB37700DA2C4B /* Main.storyboard in Resources */ = {isa = PBXBuildFile; fileRef = 59F6222F1D1AB37700DA2C4B /* Main.storyboard */; };
		59F622331D1AB37700DA2C4B /* Assets.xcassets in Resources */ = {isa = PBXBuildFile; fileRef = 59F622321D1AB37700DA2C4B /* Assets.xcassets */; };
		59F622361D1AB37700DA2C4B /* LaunchScreen.storyboard in Resources */ = {isa = PBXBuildFile; fileRef = 59F622341D1AB37700DA2C4B /* LaunchScreen.storyboard */; };
/* End PBXBuildFile section */

/* Begin PBXFileReference section */
		59F622241D1AB37700DA2C4B /* ZombieCongaPhung.app */ = {isa = PBXFileReference; explicitFileType = wrapper.application; includeInIndex = 0; path = ZombieCongaPhung.app; sourceTree = BUILT_PRODUCTS_DIR; };
		59F622271D1AB37700DA2C4B /* AppDelegate.swift */ = {isa = PBXFileReference; lastKnownFileType = sourcecode.swift; path = AppDelegate.swift; sourceTree = "<group>"; };
		59F6222B1D1AB37700DA2C4B /* GameScene.swift */ = {isa = PBXFileReference; lastKnownFileType = sourcecode.swift; path = GameScene.swift; sourceTree = "<group>"; };
		59F6222D1D1AB37700DA2C4B /* GameViewController.swift */ = {isa = PBXFileReference; lastKnownFileType = sourcecode.swift; path = GameViewController.swift; sourceTree = "<group>"; };
		59F622301D1AB37700DA2C4B /* Base */ = {isa = PBXFileReference; lastKnownFileType = file.storyboard; name = Base; path = Base.lproj/Main.storyboard; sourceTree = "<group>"; };
		59F622321D1AB37700DA2C4B /* Assets.xcassets */ = {isa = PBXFileReference; lastKnownFileType = folder.assetcatalog; path = Assets.xcassets; sourceTree = "<group>"; };
		59F622351D1AB37700DA2C4B /* Base */ = {isa = PBXFileReference; lastKnownFileType = file.storyboard; name = Base; path = Base.lproj/LaunchScreen.storyboard; sourceTree = "<group>"; };
		59F622371D1AB37700DA2C4B /* Info.plist */ = {isa = PBXFileReference; lastKnownFileType = text.plist.xml; path = Info.plist; sourceTree = "<group>"; };
/* End PBXFileReference section */

/* Begin PBXFrameworksBuildPhase section */
		59F622211D1AB37700DA2C4B /* Frameworks */ = {
			isa = PBXFrameworksBuildPhase;
			buildActionMask = 2147483647;
			files = (
			);
			runOnlyForDeploymentPostprocessing = 0;
		};
/* End PBXFrameworksBuildPhase section */

/* Begin PBXGroup section */
		59F6221B1D1AB37700DA2C4B = {
			isa = PBXGroup;
			children = (
				59F622261D1AB37700DA2C4B /* ZombieCongaPhung */,
				59F622251D1AB37700DA2C4B /* Products */,
			);
			sourceTree = "<group>";
		};
		59F622251D1AB37700DA2C4B /* Products */ = {
			isa = PBXGroup;
			children = (
				59F622241D1AB37700DA2C4B /* ZombieCongaPhung.app */,
			);
			name = Products;
			sourceTree = "<group>";
		};
		59F622261D1AB37700DA2C4B /* ZombieCongaPhung */ = {
			isa = PBXGroup;
			children = (
				59F622271D1AB37700DA2C4B /* AppDelegate.swift */,
				59F6222B1D1AB37700DA2C4B /* GameScene.swift */,
				59F6222D1D1AB37700DA2C4B /* GameViewController.swift */,
				59F6222F1D1AB37700DA2C4B /* Main.storyboard */,
				59F622321D1AB37700DA2C4B /* Assets.xcassets */,
				59F622341D1AB37700DA2C4B /* LaunchScreen.storyboard */,
				59F622371D1AB37700DA2C4B /* Info.plist */,
			);
			path = ZombieCongaPhung;
			sourceTree = "<group>";
		};
/* End PBXGroup section */

/* Begin PBXNativeTarget section */
		59F622231D1AB37700DA2C4B /* ZombieCongaPhung */ = {
			isa = PBXNativeTarget;
			buildConfigurationList = 59F6223A1D1AB37700DA2C4B /* Build configuration list for PBXNativeTarget "ZombieCongaPhung" */;
			buildPhases = (
				59F622201D1AB37700DA2C4B /* Sources */,
				59F622211D1AB37700DA2C4B /* Frameworks */,
				59F622221D1AB37700DA2C4B /* Resources */,
			);
			buildRules = (
			);
			dependencies = (
			);
			name = ZombieCongaPhung;
			productName = ZombieCongaPhung;
			productReference = 59F622241D1AB37700DA2C4B /* ZombieCongaPhung.app */;
			productType = "com.apple.product-type.application";
		};
/* End PBXNativeTarget section */

/* Begin PBXProject section */
		59F6221C1D1AB37700DA2C4B /* Project object */ = {
			isa = PBXProject;
			attributes = {
				LastSwiftUpdateCheck = 0720;
				LastUpgradeCheck = 0720;
				ORGANIZATIONNAME = phung;
				TargetAttributes = {
					59F622231D1AB37700DA2C4B = {
						CreatedOnToolsVersion = 7.2;
						DevelopmentTeam = 49C2554AKL;
					};
				};
			};
			buildConfigurationList = 59F6221F1D1AB37700DA2C4B /* Build configuration list for PBXProject "ZombieCongaPhung" */;
			compatibilityVersion = "Xcode 3.2";
			developmentRegion = English;
			hasScannedForEncodings = 0;
			knownRegions = (
				en,
				Base,
			);
			mainGroup = 59F6221B1D1AB37700DA2C4B;
			productRefGroup = 59F622251D1AB37700DA2C4B /* Products */;
			projectDirPath = "";
			projectRoot = "";
			targets = (
				59F622231D1AB37700DA2C4B /* ZombieCongaPhung */,
			);
		};
/* End PBXProject section */

/* Begin PBXResourcesBuildPhase section */
		59F622221D1AB37700DA2C4B /* Resources */ = {
			isa = PBXResourcesBuildPhase;
			buildActionMask = 2147483647;
			files = (
				59F622361D1AB37700DA2C4B /* LaunchScreen.storyboard in Resources */,
				59F622331D1AB37700DA2C4B /* Assets.xcassets in Resources */,
				59F622311D1AB37700DA2C4B /* Main.storyboard in Resources */,
			);
			runOnlyForDeploymentPostprocessing = 0;
		};
/* End PBXResourcesBuildPhase section */

/* Begin PBXSourcesBuildPhase section */
		59F622201D1AB37700DA2C4B /* Sources */ = {
			isa = PBXSourcesBuildPhase;
			buildActionMask = 2147483647;
			files = (
				59F6222C1D1AB37700DA2C4B /* GameScene.swift in Sources */,
				59F6222E1D1AB37700DA2C4B /* GameViewController.swift in Sources */,
				59F622281D1AB37700DA2C4B /* AppDelegate.swift in Sources */,
			);
			runOnlyForDeploymentPostprocessing = 0;
		};
/* End PBXSourcesBuildPhase section */

/* Begin PBXVariantGroup section */
		59F6222F1D1AB37700DA2C4B /* Main.storyboard */ = {
			isa = PBXVariantGroup;
			children = (
				59F622301D1AB37700DA2C4B /* Base */,
			);
			name = Main.storyboard;
			sourceTree = "<group>";
		};
		59F622341D1AB37700DA2C4B /* LaunchScreen.storyboard */ = {
			isa = PBXVariantGroup;
			children = (
				59F622351D1AB37700DA2C4B /* Base */,
			);
			name = LaunchScreen.storyboard;
			sourceTree = "<group>";
		};
/* End PBXVariantGroup section */

/* Begin XCBuildConfiguration section */
		59F622381D1AB37700DA2C4B /* Debug */ = {
			isa = XCBuildConfiguration;
			buildSettings = {
				ALWAYS_SEARCH_USER_PATHS = NO;
				CLANG_CXX_LANGUAGE_STANDARD = "gnu++0x";
				CLANG_CXX_LIBRARY = "libc++";
				CLANG_ENABLE_MODULES = YES;
				CLANG_ENABLE_OBJC_ARC = YES;
				CLANG_WARN_BOOL_CONVERSION = YES;
				CLANG_WARN_CONSTANT_CONVERSION = YES;
				CLANG_WARN_DIRECT_OBJC_ISA_USAGE = YES_ERROR;
				CLANG_WARN_EMPTY_BODY = YES;
				CLANG_WARN_ENUM_CONVERSION = YES;
				CLANG_WARN_INT_CONVERSION = YES;
				CLANG_WARN_OBJC_ROOT_CLASS = YES_ERROR;
				CLANG_WARN_UNREACHABLE_CODE = YES;
				CLANG_WARN__DUPLICATE_METHOD_MATCH = YES;
				"CODE_SIGN_IDENTITY[sdk=iphoneos*]" = "iPhone Developer";
				COPY_PHASE_STRIP = NO;
				DEBUG_INFORMATION_FORMAT = "dwarf-with-dsym";
				ENABLE_STRICT_OBJC_MSGSEND = YES;
				ENABLE_TESTABILITY = YES;
				GCC_C_LANGUAGE_STANDARD = gnu99;
				GCC_DYNAMIC_NO_PIC = NO;
				GCC_NO_COMMON_BLOCKS = YES;
				GCC_OPTIMIZATION_LEVEL = 0;
				GCC_PREPROCESSOR_DEFINITIONS = (
					"DEBUG=1",
					"$(inherited)",
				);
				GCC_WARN_64_TO_32_BIT_CONVERSION = YES;
				GCC_WARN_ABOUT_RETURN_TYPE = YES_ERROR;
				GCC_WARN_UNDECLARED_SELECTOR = YES;
				GCC_WARN_UNINITIALIZED_AUTOS = YES_AGGRESSIVE;
				GCC_WARN_UNUSED_FUNCTION = YES;
				GCC_WARN_UNUSED_VARIABLE = YES;
				IPHONEOS_DEPLOYMENT_TARGET = 9.2;
				MTL_ENABLE_DEBUG_INFO = YES;
				ONLY_ACTIVE_ARCH = YES;
				SDKROOT = iphoneos;
				SWIFT_OPTIMIZATION_LEVEL = "-Onone";
				TARGETED_DEVICE_FAMILY = "1,2";
			};
			name = Debug;
		};
		59F622391D1AB37700DA2C4B /* Release */ = {
			isa = XCBuildConfiguration;
			buildSettings = {
				ALWAYS_SEARCH_USER_PATHS = NO;
				CLANG_CXX_LANGUAGE_STANDARD = "gnu++0x";
				CLANG_CXX_LIBRARY = "libc++";
				CLANG_ENABLE_MODULES = YES;
				CLANG_ENABLE_OBJC_ARC = YES;
				CLANG_WARN_BOOL_CONVERSION = YES;
				CLANG_WARN_CONSTANT_CONVERSION = YES;
				CLANG_WARN_DIRECT_OBJC_ISA_USAGE = YES_ERROR;
				CLANG_WARN_EMPTY_BODY = YES;
				CLANG_WARN_ENUM_CONVERSION = YES;
				CLANG_WARN_INT_CONVERSION = YES;
				CLANG_WARN_OBJC_ROOT_CLASS = YES_ERROR;
				CLANG_WARN_UNREACHABLE_CODE = YES;
				CLANG_WARN__DUPLICATE_METHOD_MATCH = YES;
				"CODE_SIGN_IDENTITY[sdk=iphoneos*]" = "iPhone Developer";
				COPY_PHASE_STRIP = NO;
				DEBUG_INFORMATION_FORMAT = "dwarf-with-dsym";
				ENABLE_NS_ASSERTIONS = NO;
				ENABLE_STRICT_OBJC_MSGSEND = YES;
				GCC_C_LANGUAGE_STANDARD = gnu99;
				GCC_NO_COMMON_BLOCKS = YES;
				GCC_WARN_64_TO_32_BIT_CONVERSION = YES;
				GCC_WARN_ABOUT_RETURN_TYPE = YES_ERROR;
				GCC_WARN_UNDECLARED_SELECTOR = YES;
				GCC_WARN_UNINITIALIZED_AUTOS = YES_AGGRESSIVE;
				GCC_WARN_UNUSED_FUNCTION = YES;
				GCC_WARN_UNUSED_VARIABLE = YES;
				IPHONEOS_DEPLOYMENT_TARGET = 9.2;
				MTL_ENABLE_DEBUG_INFO = NO;
				SDKROOT = iphoneos;
				TARGETED_DEVICE_FAMILY = "1,2";
				VALIDATE_PRODUCT = YES;
			};
			name = Release;
		};
		59F6223B1D1AB37700DA2C4B /* Debug */ = {
			isa = XCBuildConfiguration;
			buildSettings = {
				ASSETCATALOG_COMPILER_APPICON_NAME = AppIcon;
				INFOPLIST_FILE = ZombieCongaPhung/Info.plist;
				LD_RUNPATH_SEARCH_PATHS = "$(inherited) @executable_path/Frameworks";
				PRODUCT_BUNDLE_IDENTIFIER = phung.ZombieCongaPhung;
				PRODUCT_NAME = "$(TARGET_NAME)";
			};
			name = Debug;
		};
		59F6223C1D1AB37700DA2C4B /* Release */ = {
			isa = XCBuildConfiguration;
			buildSettings = {
				ASSETCATALOG_COMPILER_APPICON_NAME = AppIcon;
				INFOPLIST_FILE = ZombieCongaPhung/Info.plist;
				LD_RUNPATH_SEARCH_PATHS = "$(inherited) @executable_path/Frameworks";
				PRODUCT_BUNDLE_IDENTIFIER = phung.ZombieCongaPhung;
				PRODUCT_NAME = "$(TARGET_NAME)";
			};
			name = Release;
		};
/* End XCBuildConfiguration section */

/* Begin XCConfigurationList section */
		59F6221F1D1AB37700DA2C4B /* Build configuration list for PBXProject "ZombieCongaPhung" */ = {
			isa = XCConfigurationList;
			buildConfigurations = (
				59F622381D1AB37700DA2C4B /* Debug */,
				59F622391D1AB37700DA2C4B /* Release */,
			);
			defaultConfigurationIsVisible = 0;
			defaultConfigurationName = Release;
		};
		59F6223A1D1AB37700DA2C4B /* Build configuration list for PBXNativeTarget "ZombieCongaPhung" */ = {
			isa = XCConfigurationList;
			buildConfigurations = (
				59F6223B1D1AB37700DA2C4B /* Debug */,
				59F6223C1D1AB37700DA2C4B /* Release */,
			);
			defaultConfigurationIsVisible = 0;
		};
/* End XCConfigurationList section */
	};
	rootObject = 59F6221C1D1AB37700DA2C4B /* Project object */;
}
